
Microsoft Visual Studio Solution File, Format Version 11.00
# Visual Studio 2010
Project("{FAE04EC0-301F-11D3-BF4B-00C04F79EFBC}") = "门禁系统", "门禁系统\门禁系统.csproj", "{7F77376A-9413-433B-A927-8DD6E7C674BB}"
EndProject
Global
	GlobalSection(SolutionConfigurationPlatforms) = preSolution
		Debug|x86 = Debug|x86
		Release|x86 = Release|x86
	EndGlobalSection
	GlobalSection(ProjectConfigurationPlatforms) = postSolution
		{7F77376A-9413-433B-A927-8DD6E7C674BB}.Debug|x86.ActiveCfg = Debug|x86
		{7F77376A-9413-433B-A927-8DD6E7C674BB}.Debug|x86.Build.0 = Debug|x86
		{7F77376A-9413-433B-A927-8DD6E7C674BB}.Release|x86.ActiveCfg = Release|x86
		{7F77376A-9413-433B-A927-8DD6E7C674BB}.Release|x86.Build.0 = Release|x86
	EndGlobalSection
	GlobalSection(SolutionProperties) = preSolution
		HideSolutionNode = FALSE
	EndGlobalSection
EndGlobal
